{
  "name": "VĐV",
  "lockfileVersion": 3,
  "requires": true,
  "packages": {
    "": {
      "dependencies": {
        "@mescius/spread-sheets": "^17.0.10",
        "@mescius/spread-sheets-io": "^17.0.10",
        "file-saver": "^2.0.5",
        "jquery": "^3.7.1"
      }
    },
    "node_modules/@mescius/spread-sheets": {
      "version": "17.0.10",
      "resolved": "https://registry.npmjs.org/@mescius/spread-sheets/-/spread-sheets-17.0.10.tgz",
      "integrity": "sha512-CH80x3C1WoOvJo0q1VXtIMd+MrEHuPHgr8CbDhyCRE5AgoQNOmHKwruzPX8VZoYhsgDb531B2k2tYiZDt397xQ=="
    },
    "node_modules/@mescius/spread-sheets-io": {
      "version": "17.0.10",
      "resolved": "https://registry.npmjs.org/@mescius/spread-sheets-io/-/spread-sheets-io-17.0.10.tgz",
      "integrity": "sha512-pH113zPMTRCJKbbmlf7sawINZ8ekDJqRDGgpJqdppcr6fKnxCGHi9mPqVtmK1i4cGfrlIEC7avbz5bTbNPek2w==",
      "dependencies": {
        "@mescius/spread-sheets": "17.0.10"
      }
    },
    "node_modules/file-saver": {
      "version": "2.0.5",
      "resolved": "https://registry.npmjs.org/file-saver/-/file-saver-2.0.5.tgz",
      "integrity": "sha512-P9bmyZ3h/PRG+Nzga+rbdI4OEpNDzAVyy74uVO9ATgzLK6VtAsYybF/+TOCvrc0MO793d6+42lLyZTw7/ArVzA=="
    },
    "node_modules/jquery": {
      "version": "3.7.1",
      "resolved": "https://registry.npmjs.org/jquery/-/jquery-3.7.1.tgz",
      "integrity": "sha512-m4avr8yL8kmFN8psrbFFFmB/If14iN5o9nw/NgnnM+kybDJpRsAynV2BsfpTYrTRysYUdADVD7CkUUizgkpLfg=="
    }
  }
}
